
Microsoft Visual Studio Solution File, Format Version 12.00
# Visual Studio Version 17
VisualStudioVersion = 17.0.31903.59
MinimumVisualStudioVersion = 10.0.40219.1
Project("{FAE04EC0-301F-11D3-BF4B-00C04F79EFBC}") = "CtrlCHandlerLib", "CtrlCHandlerLib\CtrlCHandlerLib.csproj", "{8B14B237-A35A-40A0-9861-CCC427962D3E}"
EndProject
Project("{2150E333-8FDC-42A3-9474-1A3956D46DE8}") = "WindowsCtrlCHandler", "WindowsCtrlCHandler", "{99A7D4D2-DE78-DAD9-1160-C71DFCE916A8}"
EndProject
Project("{FAE04EC0-301F-11D3-BF4B-00C04F79EFBC}") = "example_csharp", "example_csharp\example_csharp.csproj", "{0D4017DB-4F45-4EB1-BEEF-C45824F7C638}"
EndProject
Global
	GlobalSection(SolutionConfigurationPlatforms) = preSolution
		Debug|Any CPU = Debug|Any CPU
		Debug|x64 = Debug|x64
		Debug|x86 = Debug|x86
		Release|Any CPU = Release|Any CPU
		Release|x64 = Release|x64
		Release|x86 = Release|x86
	EndGlobalSection
	GlobalSection(ProjectConfigurationPlatforms) = postSolution
		{8B14B237-A35A-40A0-9861-CCC427962D3E}.Debug|Any CPU.ActiveCfg = Debug|Any CPU
		{8B14B237-A35A-40A0-9861-CCC427962D3E}.Debug|Any CPU.Build.0 = Debug|Any CPU
		{8B14B237-A35A-40A0-9861-CCC427962D3E}.Debug|x64.ActiveCfg = Debug|Any CPU
		{8B14B237-A35A-40A0-9861-CCC427962D3E}.Debug|x64.Build.0 = Debug|Any CPU
		{8B14B237-A35A-40A0-9861-CCC427962D3E}.Debug|x86.ActiveCfg = Debug|Any CPU
		{8B14B237-A35A-40A0-9861-CCC427962D3E}.Debug|x86.Build.0 = Debug|Any CPU
		{8B14B237-A35A-40A0-9861-CCC427962D3E}.Release|Any CPU.ActiveCfg = Release|Any CPU
		{8B14B237-A35A-40A0-9861-CCC427962D3E}.Release|Any CPU.Build.0 = Release|Any CPU
		{8B14B237-A35A-40A0-9861-CCC427962D3E}.Release|x64.ActiveCfg = Release|Any CPU
		{8B14B237-A35A-40A0-9861-CCC427962D3E}.Release|x64.Build.0 = Release|Any CPU
		{8B14B237-A35A-40A0-9861-CCC427962D3E}.Release|x86.ActiveCfg = Release|Any CPU
		{8B14B237-A35A-40A0-9861-CCC427962D3E}.Release|x86.Build.0 = Release|Any CPU
		{0D4017DB-4F45-4EB1-BEEF-C45824F7C638}.Debug|Any CPU.ActiveCfg = Debug|Any CPU
		{0D4017DB-4F45-4EB1-BEEF-C45824F7C638}.Debug|Any CPU.Build.0 = Debug|Any CPU
		{0D4017DB-4F45-4EB1-BEEF-C45824F7C638}.Debug|x64.ActiveCfg = Debug|Any CPU
		{0D4017DB-4F45-4EB1-BEEF-C45824F7C638}.Debug|x64.Build.0 = Debug|Any CPU
		{0D4017DB-4F45-4EB1-BEEF-C45824F7C638}.Debug|x86.ActiveCfg = Debug|Any CPU
		{0D4017DB-4F45-4EB1-BEEF-C45824F7C638}.Debug|x86.Build.0 = Debug|Any CPU
		{0D4017DB-4F45-4EB1-BEEF-C45824F7C638}.Release|Any CPU.ActiveCfg = Release|Any CPU
		{0D4017DB-4F45-4EB1-BEEF-C45824F7C638}.Release|Any CPU.Build.0 = Release|Any CPU
		{0D4017DB-4F45-4EB1-BEEF-C45824F7C638}.Release|x64.ActiveCfg = Release|Any CPU
		{0D4017DB-4F45-4EB1-BEEF-C45824F7C638}.Release|x64.Build.0 = Release|Any CPU
		{0D4017DB-4F45-4EB1-BEEF-C45824F7C638}.Release|x86.ActiveCfg = Release|Any CPU
		{0D4017DB-4F45-4EB1-BEEF-C45824F7C638}.Release|x86.Build.0 = Release|Any CPU
	EndGlobalSection
	GlobalSection(SolutionProperties) = preSolution
		HideSolutionNode = FALSE
	EndGlobalSection
EndGlobal
